
Microsoft Visual Studio Solution File, Format Version 12.00
# Visual Studio Version 16
VisualStudioVersion = 16.0.29509.3
MinimumVisualStudioVersion = 10.0.40219.1
Project("{8BC9CEB8-8B4A-11D0-8D11-00A0C91BC942}") = "cpp_desktop", "cpp_desktop\cpp_desktop.vcxproj", "{BA860A32-7FF4-4BA1-ACAF-8C7979382953}"
EndProject
Project("{8BC9CEB8-8B4A-11D0-8D11-00A0C91BC942}") = "DisplayTest", "DisplayTest\DisplayTest.vcxproj", "{3FA064E5-C354-4A18-ACCE-344B367B21A9}"
EndProject
Project("{8BC9CEB8-8B4A-11D0-8D11-00A0C91BC942}") = "shader_demo", "shader_demo\shader_demo.vcxproj", "{24541D42-C549-43BA-90C2-54D730506F22}"
EndProject
Global
	GlobalSection(SolutionConfigurationPlatforms) = preSolution
		Debug|x64 = Debug|x64
		Debug|x86 = Debug|x86
		Release|x64 = Release|x64
		Release|x86 = Release|x86
	EndGlobalSection
	GlobalSection(ProjectConfigurationPlatforms) = postSolution
		{BA860A32-7FF4-4BA1-ACAF-8C7979382953}.Debug|x64.ActiveCfg = Debug|x64
		{BA860A32-7FF4-4BA1-ACAF-8C7979382953}.Debug|x64.Build.0 = Debug|x64
		{BA860A32-7FF4-4BA1-ACAF-8C7979382953}.Debug|x86.ActiveCfg = Debug|Win32
		{BA860A32-7FF4-4BA1-ACAF-8C7979382953}.Debug|x86.Build.0 = Debug|Win32
		{BA860A32-7FF4-4BA1-ACAF-8C7979382953}.Release|x64.ActiveCfg = Release|x64
		{BA860A32-7FF4-4BA1-ACAF-8C7979382953}.Release|x64.Build.0 = Release|x64
		{BA860A32-7FF4-4BA1-ACAF-8C7979382953}.Release|x86.ActiveCfg = Release|Win32
		{BA860A32-7FF4-4BA1-ACAF-8C7979382953}.Release|x86.Build.0 = Release|Win32
		{3FA064E5-C354-4A18-ACCE-344B367B21A9}.Debug|x64.ActiveCfg = Debug|x64
		{3FA064E5-C354-4A18-ACCE-344B367B21A9}.Debug|x64.Build.0 = Debug|x64
		{3FA064E5-C354-4A18-ACCE-344B367B21A9}.Debug|x86.ActiveCfg = Debug|Win32
		{3FA064E5-C354-4A18-ACCE-344B367B21A9}.Debug|x86.Build.0 = Debug|Win32
		{3FA064E5-C354-4A18-ACCE-344B367B21A9}.Release|x64.ActiveCfg = Release|x64
		{3FA064E5-C354-4A18-ACCE-344B367B21A9}.Release|x64.Build.0 = Release|x64
		{3FA064E5-C354-4A18-ACCE-344B367B21A9}.Release|x86.ActiveCfg = Release|Win32
		{3FA064E5-C354-4A18-ACCE-344B367B21A9}.Release|x86.Build.0 = Release|Win32
		{24541D42-C549-43BA-90C2-54D730506F22}.Debug|x64.ActiveCfg = Debug|x64
		{24541D42-C549-43BA-90C2-54D730506F22}.Debug|x64.Build.0 = Debug|x64
		{24541D42-C549-43BA-90C2-54D730506F22}.Debug|x86.ActiveCfg = Debug|Win32
		{24541D42-C549-43BA-90C2-54D730506F22}.Debug|x86.Build.0 = Debug|Win32
		{24541D42-C549-43BA-90C2-54D730506F22}.Release|x64.ActiveCfg = Release|x64
		{24541D42-C549-43BA-90C2-54D730506F22}.Release|x64.Build.0 = Release|x64
		{24541D42-C549-43BA-90C2-54D730506F22}.Release|x86.ActiveCfg = Release|Win32
		{24541D42-C549-43BA-90C2-54D730506F22}.Release|x86.Build.0 = Release|Win32
	EndGlobalSection
	GlobalSection(SolutionProperties) = preSolution
		HideSolutionNode = FALSE
	EndGlobalSection
	GlobalSection(ExtensibilityGlobals) = postSolution
		SolutionGuid = {61E8A12A-F215-4126-A6A7-195F31A570F9}
	EndGlobalSection
EndGlobal
